
Microsoft Visual Studio Solution File, Format Version 12.00
# Visual Studio Version 17
VisualStudioVersion = 17.0.31903.59
MinimumVisualStudioVersion = 10.0.40219.1
Project("{FAE04EC0-301F-11D3-BF4B-00C04F79EFBC}") = "JECognizantProject", "JECognizantProject.csproj", "{CF96773D-AD56-4290-B3FC-20EB16EDAE40}"
EndProject
Global
	GlobalSection(SolutionConfigurationPlatforms) = preSolution
		Debug|Any CPU = Debug|Any CPU
		Release|Any CPU = Release|Any CPU
	EndGlobalSection
	GlobalSection(ProjectConfigurationPlatforms) = postSolution
		{CF96773D-AD56-4290-B3FC-20EB16EDAE40}.Debug|Any CPU.ActiveCfg = Debug|Any CPU
		{CF96773D-AD56-4290-B3FC-20EB16EDAE40}.Debug|Any CPU.Build.0 = Debug|Any CPU
		{CF96773D-AD56-4290-B3FC-20EB16EDAE40}.Release|Any CPU.ActiveCfg = Release|Any CPU
		{CF96773D-AD56-4290-B3FC-20EB16EDAE40}.Release|Any CPU.Build.0 = Release|Any CPU
	EndGlobalSection
	GlobalSection(SolutionProperties) = preSolution
		HideSolutionNode = FALSE
	EndGlobalSection
	GlobalSection(ExtensibilityGlobals) = postSolution
		SolutionGuid = {12FA0AC0-3F71-4897-ADB4-49355AA718DF}
	EndGlobalSection
EndGlobal
